Microsoft Visual Studio Solution File, Format Version 12.00
# Visual Studio Version 17
VisualStudioVersion = 17.5.2.0
MinimumVisualStudioVersion = 10.0.40219.1
Project("{FAE04EC0-301F-11D3-BF4B-00C04F79EFBC}") = "Plugin.ArgusMonitor", "Plugin.ArgusMonitor.csproj", "{DE809EE9-BBEE-C0D7-212A-C9B214C3D379}"
EndProject
Global
	GlobalSection(SolutionConfigurationPlatforms) = preSolution
		Debug|Any CPU = Debug|Any CPU
		Release|Any CPU = Release|Any CPU
	EndGlobalSection
	GlobalSection(ProjectConfigurationPlatforms) = postSolution
		{DE809EE9-BBEE-C0D7-212A-C9B214C3D379}.Debug|Any CPU.ActiveCfg = Debug|Any CPU
		{DE809EE9-BBEE-C0D7-212A-C9B214C3D379}.Debug|Any CPU.Build.0 = Debug|Any CPU
		{DE809EE9-BBEE-C0D7-212A-C9B214C3D379}.Release|Any CPU.ActiveCfg = Release|Any CPU
		{DE809EE9-BBEE-C0D7-212A-C9B214C3D379}.Release|Any CPU.Build.0 = Release|Any CPU
	EndGlobalSection
	GlobalSection(SolutionProperties) = preSolution
		HideSolutionNode = FALSE
	EndGlobalSection
	GlobalSection(ExtensibilityGlobals) = postSolution
		SolutionGuid = {3DEEC5CF-AB9A-489D-9078-3FABA7D66A87}
	EndGlobalSection
EndGlobal
